{
  "version": 4,
  "terraform_version": "1.14.3",
  "serial": 2,
  "lineage": "8096440d-aacd-4409-a262-748ca1d4c8de",
  "outputs": {
    "route53_name_servers": {
      "value": [
        "ns-1016.awsdns-63.net",
        "ns-1347.awsdns-40.org",
        "ns-1804.awsdns-33.co.uk",
        "ns-502.awsdns-62.com"
      ],
      "type": [
        "list",
        "string"
      ]
    },
    "site_domains": {
      "value": [
        "kallumcooper.co.uk",
        "www.kallumcooper.co.uk"
      ],
      "type": [
        "tuple",
        [
          "string",
          "string"
        ]
      ]
    }
  },
  "resources": [
    {
      "mode": "managed",
      "type": "aws_route53_zone",
      "name": "root",
      "provider": "provider[\"registry.terraform.io/hashicorp/aws\"]",
      "instances": [
        {
          "schema_version": 0,
          "attributes": {
            "arn": "arn:aws:route53:::hostedzone/Z03992405T36RVXU9SXS",
            "comment": "Managed by Terraform",
            "delegation_set_id": "",
            "enable_accelerated_recovery": false,
            "force_destroy": false,
            "id": "Z03992405T36RVXU9SXS",
            "name": "kallumcooper.co.uk",
            "name_servers": [
              "ns-1016.awsdns-63.net",
              "ns-1347.awsdns-40.org",
              "ns-1804.awsdns-33.co.uk",
              "ns-502.awsdns-62.com"
            ],
            "primary_name_server": "ns-1804.awsdns-33.co.uk",
            "tags": {
              "Environment": "prod",
              "ManagedBy": "Terraform",
              "Project": "kallumcooper",
              "Repo": "kallumcooper-infra"
            },
            "tags_all": {
              "Environment": "prod",
              "ManagedBy": "Terraform",
              "Project": "kallumcooper",
              "Repo": "kallumcooper-infra"
            },
            "timeouts": null,
            "vpc": [],
            "zone_id": "Z03992405T36RVXU9SXS"
          },
          "sensitive_attributes": [],
          "identity_schema_version": 0,
          "private": "eyJlMmJmYjczMC1lY2FhLTExZTYtOGY4OC0zNDM2M2JjN2M0YzAiOnsiY3JlYXRlIjoxODAwMDAwMDAwMDAwLCJkZWxldGUiOjE4MDAwMDAwMDAwMDAsInVwZGF0ZSI6MTgwMDAwMDAwMDAwMH19"
        }
      ]
    }
  ],
  "check_results": null
}
